
Microsoft Visual Studio Solution File, Format Version 12.00
# Visual Studio Version 17
VisualStudioVersion = 17.11.35222.181
MinimumVisualStudioVersion = 10.0.40219.1
Project("{FAE04EC0-301F-11D3-BF4B-00C04F79EFBC}") = "AspNetMVC", "AspNetMVC\AspNetMVC.csproj", "{9A738654-09E5-4A3F-9497-5D1A490D1C15}"
EndProject
Global
	GlobalSection(SolutionConfigurationPlatforms) = preSolution
		Debug|Any CPU = Debug|Any CPU
		Release|Any CPU = Release|Any CPU
	EndGlobalSection
	GlobalSection(ProjectConfigurationPlatforms) = postSolution
		{9A738654-09E5-4A3F-9497-5D1A490D1C15}.Debug|Any CPU.ActiveCfg = Debug|Any CPU
		{9A738654-09E5-4A3F-9497-5D1A490D1C15}.Debug|Any CPU.Build.0 = Debug|Any CPU
		{9A738654-09E5-4A3F-9497-5D1A490D1C15}.Release|Any CPU.ActiveCfg = Release|Any CPU
		{9A738654-09E5-4A3F-9497-5D1A490D1C15}.Release|Any CPU.Build.0 = Release|Any CPU
	EndGlobalSection
	GlobalSection(SolutionProperties) = preSolution
		HideSolutionNode = FALSE
	EndGlobalSection
	GlobalSection(ExtensibilityGlobals) = postSolution
		SolutionGuid = {4C0D50B0-D795-4198-B228-451C7D82EFA3}
	EndGlobalSection
EndGlobal
